
Microsoft Visual Studio Solution File, Format Version 12.00
# Visual Studio Version 17
VisualStudioVersion = 17.12.35707.178 d17.12
MinimumVisualStudioVersion = 10.0.40219.1
Project("{FAE04EC0-301F-11D3-BF4B-00C04F79EFBC}") = "PatientRecords.Api", "PatientRecords.Api\PatientRecords.Api.csproj", "{34241D72-A2B6-4329-ABDF-B55711409BAB}"
EndProject
Project("{FAE04EC0-301F-11D3-BF4B-00C04F79EFBC}") = "PatientRecords.Core", "PatientRecords.Core\PatientRecords.Core.csproj", "{D0D98CCD-ACD8-422D-AD2D-A41619A4515B}"
EndProject
Project("{FAE04EC0-301F-11D3-BF4B-00C04F79EFBC}") = "PatientRecords.AppService", "PatientRecords.AppService\PatientRecords.AppService.csproj", "{B908C88E-384A-4CCD-80C3-50A7BC5A99A1}"
EndProject
Project("{FAE04EC0-301F-11D3-BF4B-00C04F79EFBC}") = "PatientRecords.Repo", "PatientRecords.Repo\PatientRecords.Repo.csproj", "{96995D73-5D5B-4671-98FB-AF9DE444C3C6}"
EndProject
Global
	GlobalSection(SolutionConfigurationPlatforms) = preSolution
		Debug|Any CPU = Debug|Any CPU
		Release|Any CPU = Release|Any CPU
	EndGlobalSection
	GlobalSection(ProjectConfigurationPlatforms) = postSolution
		{34241D72-A2B6-4329-ABDF-B55711409BAB}.Debug|Any CPU.ActiveCfg = Debug|Any CPU
		{34241D72-A2B6-4329-ABDF-B55711409BAB}.Debug|Any CPU.Build.0 = Debug|Any CPU
		{34241D72-A2B6-4329-ABDF-B55711409BAB}.Release|Any CPU.ActiveCfg = Release|Any CPU
		{34241D72-A2B6-4329-ABDF-B55711409BAB}.Release|Any CPU.Build.0 = Release|Any CPU
		{D0D98CCD-ACD8-422D-AD2D-A41619A4515B}.Debug|Any CPU.ActiveCfg = Debug|Any CPU
		{D0D98CCD-ACD8-422D-AD2D-A41619A4515B}.Debug|Any CPU.Build.0 = Debug|Any CPU
		{D0D98CCD-ACD8-422D-AD2D-A41619A4515B}.Release|Any CPU.ActiveCfg = Release|Any CPU
		{D0D98CCD-ACD8-422D-AD2D-A41619A4515B}.Release|Any CPU.Build.0 = Release|Any CPU
		{B908C88E-384A-4CCD-80C3-50A7BC5A99A1}.Debug|Any CPU.ActiveCfg = Debug|Any CPU
		{B908C88E-384A-4CCD-80C3-50A7BC5A99A1}.Debug|Any CPU.Build.0 = Debug|Any CPU
		{B908C88E-384A-4CCD-80C3-50A7BC5A99A1}.Release|Any CPU.ActiveCfg = Release|Any CPU
		{B908C88E-384A-4CCD-80C3-50A7BC5A99A1}.Release|Any CPU.Build.0 = Release|Any CPU
		{96995D73-5D5B-4671-98FB-AF9DE444C3C6}.Debug|Any CPU.ActiveCfg = Debug|Any CPU
		{96995D73-5D5B-4671-98FB-AF9DE444C3C6}.Debug|Any CPU.Build.0 = Debug|Any CPU
		{96995D73-5D5B-4671-98FB-AF9DE444C3C6}.Release|Any CPU.ActiveCfg = Release|Any CPU
		{96995D73-5D5B-4671-98FB-AF9DE444C3C6}.Release|Any CPU.Build.0 = Release|Any CPU
	EndGlobalSection
	GlobalSection(SolutionProperties) = preSolution
		HideSolutionNode = FALSE
	EndGlobalSection
EndGlobal
